
Microsoft Visual Studio Solution File, Format Version 12.00
# Visual Studio Version 16
VisualStudioVersion = 16.0.31129.286
MinimumVisualStudioVersion = 10.0.40219.1
Project("{FAE04EC0-301F-11D3-BF4B-00C04F79EFBC}") = "Api", "Api\Api.csproj", "{D301CDD2-3247-4B72-A89C-06C91DE142B9}"
EndProject
Project("{FAE04EC0-301F-11D3-BF4B-00C04F79EFBC}") = "Application", "Application\Application.csproj", "{CAB062FA-4251-4DFA-AF86-C77241469E46}"
EndProject
Project("{FAE04EC0-301F-11D3-BF4B-00C04F79EFBC}") = "IoC", "IoC\IoC.csproj", "{DDC49377-76C2-44D0-9AEF-33D6E2F2C689}"
EndProject
Project("{FAE04EC0-301F-11D3-BF4B-00C04F79EFBC}") = "Application.Test", "..\..\test\Application.Test\Application.Test.csproj", "{BE50E20D-A1AC-41F4-B86B-F0E0D32681E2}"
EndProject
Global
	GlobalSection(SolutionConfigurationPlatforms) = preSolution
		Debug|Any CPU = Debug|Any CPU
		Release|Any CPU = Release|Any CPU
	EndGlobalSection
	GlobalSection(ProjectConfigurationPlatforms) = postSolution
		{D301CDD2-3247-4B72-A89C-06C91DE142B9}.Debug|Any CPU.ActiveCfg = Debug|Any CPU
		{D301CDD2-3247-4B72-A89C-06C91DE142B9}.Debug|Any CPU.Build.0 = Debug|Any CPU
		{D301CDD2-3247-4B72-A89C-06C91DE142B9}.Release|Any CPU.ActiveCfg = Release|Any CPU
		{D301CDD2-3247-4B72-A89C-06C91DE142B9}.Release|Any CPU.Build.0 = Release|Any CPU
		{CAB062FA-4251-4DFA-AF86-C77241469E46}.Debug|Any CPU.ActiveCfg = Debug|Any CPU
		{CAB062FA-4251-4DFA-AF86-C77241469E46}.Debug|Any CPU.Build.0 = Debug|Any CPU
		{CAB062FA-4251-4DFA-AF86-C77241469E46}.Release|Any CPU.ActiveCfg = Release|Any CPU
		{CAB062FA-4251-4DFA-AF86-C77241469E46}.Release|Any CPU.Build.0 = Release|Any CPU
		{DDC49377-76C2-44D0-9AEF-33D6E2F2C689}.Debug|Any CPU.ActiveCfg = Debug|Any CPU
		{DDC49377-76C2-44D0-9AEF-33D6E2F2C689}.Debug|Any CPU.Build.0 = Debug|Any CPU
		{DDC49377-76C2-44D0-9AEF-33D6E2F2C689}.Release|Any CPU.ActiveCfg = Release|Any CPU
		{DDC49377-76C2-44D0-9AEF-33D6E2F2C689}.Release|Any CPU.Build.0 = Release|Any CPU
		{BE50E20D-A1AC-41F4-B86B-F0E0D32681E2}.Debug|Any CPU.ActiveCfg = Debug|Any CPU
		{BE50E20D-A1AC-41F4-B86B-F0E0D32681E2}.Debug|Any CPU.Build.0 = Debug|Any CPU
		{BE50E20D-A1AC-41F4-B86B-F0E0D32681E2}.Release|Any CPU.ActiveCfg = Release|Any CPU
		{BE50E20D-A1AC-41F4-B86B-F0E0D32681E2}.Release|Any CPU.Build.0 = Release|Any CPU
	EndGlobalSection
	GlobalSection(SolutionProperties) = preSolution
		HideSolutionNode = FALSE
	EndGlobalSection
	GlobalSection(ExtensibilityGlobals) = postSolution
		SolutionGuid = {9EBAAA1F-CA0E-41A8-9860-999280B0F106}
	EndGlobalSection
EndGlobal
